
Microsoft Visual Studio Solution File, Format Version 12.00
# Visual Studio Version 16
VisualStudioVersion = 16.0.31005.135
MinimumVisualStudioVersion = 10.0.40219.1
Project("{FAE04EC0-301F-11D3-BF4B-00C04F79EFBC}") = "WPFoeflijst", "WPFoeflijst\WPFoeflijst.csproj", "{B44122C2-6BEB-43C3-AF77-B1D401720E5B}"
EndProject
Global
	GlobalSection(SolutionConfigurationPlatforms) = preSolution
		Debug|Any CPU = Debug|Any CPU
		Release|Any CPU = Release|Any CPU
	EndGlobalSection
	GlobalSection(ProjectConfigurationPlatforms) = postSolution
		{B44122C2-6BEB-43C3-AF77-B1D401720E5B}.Debug|Any CPU.ActiveCfg = Debug|Any CPU
		{B44122C2-6BEB-43C3-AF77-B1D401720E5B}.Debug|Any CPU.Build.0 = Debug|Any CPU
		{B44122C2-6BEB-43C3-AF77-B1D401720E5B}.Release|Any CPU.ActiveCfg = Release|Any CPU
		{B44122C2-6BEB-43C3-AF77-B1D401720E5B}.Release|Any CPU.Build.0 = Release|Any CPU
	EndGlobalSection
	GlobalSection(SolutionProperties) = preSolution
		HideSolutionNode = FALSE
	EndGlobalSection
	GlobalSection(ExtensibilityGlobals) = postSolution
		SolutionGuid = {5CC8F6B4-C666-4925-B796-778B6703B2D8}
	EndGlobalSection
EndGlobal
